
Microsoft Visual Studio Solution File, Format Version 10.00
# Visual Studio 2008
Project("{FAE04EC0-301F-11D3-BF4B-00C04F79EFBC}") = "DatalogicScorpio", "DatalogicScorpio.csproj", "{547DB647-0F27-4405-8E4F-491601CCF890}"
EndProject
Global
	GlobalSection(SolutionConfigurationPlatforms) = preSolution
		Debug|Any CPU = Debug|Any CPU
		Release|Any CPU = Release|Any CPU
	EndGlobalSection
	GlobalSection(ProjectConfigurationPlatforms) = postSolution
		{547DB647-0F27-4405-8E4F-491601CCF890}.Debug|Any CPU.ActiveCfg = Debug|Any CPU
		{547DB647-0F27-4405-8E4F-491601CCF890}.Debug|Any CPU.Build.0 = Debug|Any CPU
		{547DB647-0F27-4405-8E4F-491601CCF890}.Debug|Any CPU.Deploy.0 = Debug|Any CPU
		{547DB647-0F27-4405-8E4F-491601CCF890}.Release|Any CPU.ActiveCfg = Release|Any CPU
		{547DB647-0F27-4405-8E4F-491601CCF890}.Release|Any CPU.Build.0 = Release|Any CPU
		{547DB647-0F27-4405-8E4F-491601CCF890}.Release|Any CPU.Deploy.0 = Release|Any CPU
	EndGlobalSection
	GlobalSection(SolutionProperties) = preSolution
		HideSolutionNode = FALSE
	EndGlobalSection
EndGlobal
